
Microsoft Visual Studio Solution File, Format Version 12.00
# Visual Studio Version 16
VisualStudioVersion = 16.0.33027.164
MinimumVisualStudioVersion = 10.0.40219.1
Project("{FAE04EC0-301F-11D3-BF4B-00C04F79EFBC}") = "GitPractice", "GitPractice\GitPractice.csproj", "{F63B4C91-9897-4B0E-A114-DC20131B8BC1}"
EndProject
Global
	GlobalSection(SolutionConfigurationPlatforms) = preSolution
		Debug|Any CPU = Debug|Any CPU
		Release|Any CPU = Release|Any CPU
	EndGlobalSection
	GlobalSection(ProjectConfigurationPlatforms) = postSolution
		{F63B4C91-9897-4B0E-A114-DC20131B8BC1}.Debug|Any CPU.ActiveCfg = Debug|Any CPU
		{F63B4C91-9897-4B0E-A114-DC20131B8BC1}.Debug|Any CPU.Build.0 = Debug|Any CPU
		{F63B4C91-9897-4B0E-A114-DC20131B8BC1}.Release|Any CPU.ActiveCfg = Release|Any CPU
		{F63B4C91-9897-4B0E-A114-DC20131B8BC1}.Release|Any CPU.Build.0 = Release|Any CPU
	EndGlobalSection
	GlobalSection(SolutionProperties) = preSolution
		HideSolutionNode = FALSE
	EndGlobalSection
	GlobalSection(ExtensibilityGlobals) = postSolution
		SolutionGuid = {877FB468-D5EF-4BA6-AD29-CBECE952E9EB}
	EndGlobalSection
EndGlobal
